
Microsoft Visual Studio Solution File, Format Version 12.00
# Visual Studio Version 16
VisualStudioVersion = 16.0.29001.49
MinimumVisualStudioVersion = 10.0.40219.1
Project("{FAE04EC0-301F-11D3-BF4B-00C04F79EFBC}") = "Data", "Data\Data.csproj", "{B3FB08AE-4966-4315-893F-2ECE7C764E03}"
EndProject
Global
	GlobalSection(SolutionConfigurationPlatforms) = preSolution
		Debug|Any CPU = Debug|Any CPU
		Release|Any CPU = Release|Any CPU
	EndGlobalSection
	GlobalSection(ProjectConfigurationPlatforms) = postSolution
		{B3FB08AE-4966-4315-893F-2ECE7C764E03}.Debug|Any CPU.ActiveCfg = Debug|Any CPU
		{B3FB08AE-4966-4315-893F-2ECE7C764E03}.Debug|Any CPU.Build.0 = Debug|Any CPU
		{B3FB08AE-4966-4315-893F-2ECE7C764E03}.Release|Any CPU.ActiveCfg = Release|Any CPU
		{B3FB08AE-4966-4315-893F-2ECE7C764E03}.Release|Any CPU.Build.0 = Release|Any CPU
	EndGlobalSection
	GlobalSection(SolutionProperties) = preSolution
		HideSolutionNode = FALSE
	EndGlobalSection
	GlobalSection(ExtensibilityGlobals) = postSolution
		SolutionGuid = {46D245A5-3734-4560-A4FC-A019627D1ADD}
	EndGlobalSection
EndGlobal
